lockfileVersion: "9.0"

settings:
  autoInstallPeers: true
  excludeLinksFromLockfile: false

importers:
  .:
    dependencies:
      mp3tag.js:
        specifier: ^3.14.1
        version: 3.14.1
    devDependencies:
      prettier:
        specifier: 3.8.1
        version: 3.8.1

packages:
  mp3tag.js@3.14.1:
    resolution:
      {
        integrity: sha512-3yTDNlIagK76KXhwiHQwFCeKUzOWEmGNzo1KRKV5xk6+l4tsCl5/PO8K4mn/xh8qg8QnR9MjkYmZYaPEea5/2g==,
      }

  prettier@3.8.1:
    resolution:
      {
        integrity: sha512-UOnG6LftzbdaHZcKoPFtOcCKztrQ57WkHDeRD9t/PTQtmT0NHSeWWepj6pS0z/N7+08BHFDQVUrfmfMRcZwbMg==,
      }
    engines: { node: ">=14" }
    hasBin: true

snapshots:
  mp3tag.js@3.14.1: {}

  prettier@3.8.1: {}
